
Microsoft Visual Studio Solution File, Format Version 12.00
# Visual Studio 14
VisualStudioVersion = 14.0.25123.0
MinimumVisualStudioVersion = 10.0.40219.1
Project("{FAE04EC0-301F-11D3-BF4B-00C04F79EFBC}") = "QRCodeScanner.Droid", "QRCodeScanner\QRCodeScanner.Droid\QRCodeScanner.Droid.csproj", "{43EF64D1-D8F9-4B71-9D95-4D5A2138398B}"
EndProject
Project("{FAE04EC0-301F-11D3-BF4B-00C04F79EFBC}") = "QRCodeScanner.iOS", "QRCodeScanner\QRCodeScanner.iOS\QRCodeScanner.iOS.csproj", "{0B58E566-509E-4924-84F5-2D925C612DA9}"
EndProject
Project("{FAE04EC0-301F-11D3-BF4B-00C04F79EFBC}") = "QRCodeScanner.WinPhone", "QRCodeScanner\QRCodeScanner.WinPhone\QRCodeScanner.WinPhone.csproj", "{22AE4636-29D9-4198-8DFB-3F8AB945531E}"
EndProject
Project("{FAE04EC0-301F-11D3-BF4B-00C04F79EFBC}") = "QRCodeScanner.UWP", "QRCodeScanner\QRCodeScanner.UWP\QRCodeScanner.UWP.csproj", "{4D3A7690-A2A5-40AB-BB40-FB7460EDF9EB}"
EndProject
Project("{FAE04EC0-301F-11D3-BF4B-00C04F79EFBC}") = "QRCodeScanner.Windows", "QRCodeScanner\QRCodeScanner.Windows\QRCodeScanner.Windows.csproj", "{E9EB82C9-E192-4B76-ADE0-578F8CA247C4}"
EndProject
Project("{FAE04EC0-301F-11D3-BF4B-00C04F79EFBC}") = "QRCodeScanner", "QRCodeScanner\QRCodeScanner\QRCodeScanner.csproj", "{5E1B2395-616D-44B5-A31D-181E925FA3AC}"
EndProject
Global
	GlobalSection(SolutionConfigurationPlatforms) = preSolution
		Ad-Hoc|Any CPU = Ad-Hoc|Any CPU
		Ad-Hoc|ARM = Ad-Hoc|ARM
		Ad-Hoc|iPhone = Ad-Hoc|iPhone
		Ad-Hoc|iPhoneSimulator = Ad-Hoc|iPhoneSimulator
		Ad-Hoc|x64 = Ad-Hoc|x64
		Ad-Hoc|x86 = Ad-Hoc|x86
		AppStore|Any CPU = AppStore|Any CPU
		AppStore|ARM = AppStore|ARM
		AppStore|iPhone = AppStore|iPhone
		AppStore|iPhoneSimulator = AppStore|iPhoneSimulator
		AppStore|x64 = AppStore|x64
		AppStore|x86 = AppStore|x86
		Debug|Any CPU = Debug|Any CPU
		Debug|ARM = Debug|ARM
		Debug|iPhone = Debug|iPhone
		Debug|iPhoneSimulator = Debug|iPhoneSimulator
		Debug|x64 = Debug|x64
		Debug|x86 = Debug|x86
		Release|Any CPU = Release|Any CPU
		Release|ARM = Release|ARM
		Release|iPhone = Release|iPhone
		Release|iPhoneSimulator = Release|iPhoneSimulator
		Release|x64 = Release|x64
		Release|x86 = Release|x86
	EndGlobalSection
	GlobalSection(ProjectConfigurationPlatforms) = postSolution
		{43EF64D1-D8F9-4B71-9D95-4D5A2138398B}.Ad-Hoc|Any CPU.ActiveCfg = Release|Any CPU
		{43EF64D1-D8F9-4B71-9D95-4D5A2138398B}.Ad-Hoc|Any CPU.Build.0 = Release|Any CPU
		{43EF64D1-D8F9-4B71-9D95-4D5A2138398B}.Ad-Hoc|Any CPU.Deploy.0 = Release|Any CPU
		{43EF64D1-D8F9-4B71-9D95-4D5A2138398B}.Ad-Hoc|ARM.ActiveCfg = Release|Any CPU
		{43EF64D1-D8F9-4B71-9D95-4D5A2138398B}.Ad-Hoc|ARM.Build.0 = Release|Any CPU
		{43EF64D1-D8F9-4B71-9D95-4D5A2138398B}.Ad-Hoc|ARM.Deploy.0 = Release|Any CPU
		{43EF64D1-D8F9-4B71-9D95-4D5A2138398B}.Ad-Hoc|iPhone.ActiveCfg = Release|Any CPU
		{43EF64D1-D8F9-4B71-9D95-4D5A2138398B}.Ad-Hoc|iPhone.Build.0 = Release|Any CPU
		{43EF64D1-D8F9-4B71-9D95-4D5A2138398B}.Ad-Hoc|iPhone.Deploy.0 = Release|Any CPU
		{43EF64D1-D8F9-4B71-9D95-4D5A2138398B}.Ad-Hoc|iPhoneSimulator.ActiveCfg = Release|Any CPU
		{43EF64D1-D8F9-4B71-9D95-4D5A2138398B}.Ad-Hoc|iPhoneSimulator.Build.0 = Release|Any CPU
		{43EF64D1-D8F9-4B71-9D95-4D5A2138398B}.Ad-Hoc|iPhoneSimulator.Deploy.0 = Release|Any CPU
		{43EF64D1-D8F9-4B71-9D95-4D5A2138398B}.Ad-Hoc|x64.ActiveCfg = Release|Any CPU
		{43EF64D1-D8F9-4B71-9D95-4D5A2138398B}.Ad-Hoc|x64.Build.0 = Release|Any CPU
		{43EF64D1-D8F9-4B71-9D95-4D5A2138398B}.Ad-Hoc|x64.Deploy.0 = Release|Any CPU
		{43EF64D1-D8F9-4B71-9D95-4D5A2138398B}.Ad-Hoc|x86.ActiveCfg = Release|Any CPU
		{43EF64D1-D8F9-4B71-9D95-4D5A2138398B}.Ad-Hoc|x86.Build.0 = Release|Any CPU
		{43EF64D1-D8F9-4B71-9D95-4D5A2138398B}.Ad-Hoc|x86.Deploy.0 = Release|Any CPU
		{43EF64D1-D8F9-4B71-9D95-4D5A2138398B}.AppStore|Any CPU.ActiveCfg = Release|Any CPU
		{43EF64D1-D8F9-4B71-9D95-4D5A2138398B}.AppStore|Any CPU.Build.0 = Release|Any CPU
		{43EF64D1-D8F9-4B71-9D95-4D5A2138398B}.AppStore|Any CPU.Deploy.0 = Release|Any CPU
		{43EF64D1-D8F9-4B71-9D95-4D5A2138398B}.AppStore|ARM.ActiveCfg = Release|Any CPU
		{43EF64D1-D8F9-4B71-9D95-4D5A2138398B}.AppStore|ARM.Build.0 = Release|Any CPU
		{43EF64D1-D8F9-4B71-9D95-4D5A2138398B}.AppStore|ARM.Deploy.0 = Release|Any CPU
		{43EF64D1-D8F9-4B71-9D95-4D5A2138398B}.AppStore|iPhone.ActiveCfg = Release|Any CPU
		{43EF64D1-D8F9-4B71-9D95-4D5A2138398B}.AppStore|iPhone.Build.0 = Release|Any CPU
		{43EF64D1-D8F9-4B71-9D95-4D5A2138398B}.AppStore|iPhone.Deploy.0 = Release|Any CPU
		{43EF64D1-D8F9-4B71-9D95-4D5A2138398B}.AppStore|iPhoneSimulator.ActiveCfg = Release|Any CPU
		{43EF64D1-D8F9-4B71-9D95-4D5A2138398B}.AppStore|iPhoneSimulator.Build.0 = Release|Any CPU
		{43EF64D1-D8F9-4B71-9D95-4D5A2138398B}.AppStore|iPhoneSimulator.Deploy.0 = Release|Any CPU
		{43EF64D1-D8F9-4B71-9D95-4D5A2138398B}.AppStore|x64.ActiveCfg = Release|Any CPU
		{43EF64D1-D8F9-4B71-9D95-4D5A2138398B}.AppStore|x64.Build.0 = Release|Any CPU
		{43EF64D1-D8F9-4B71-9D95-4D5A2138398B}.AppStore|x64.Deploy.0 = Release|Any CPU
		{43EF64D1-D8F9-4B71-9D95-4D5A2138398B}.AppStore|x86.ActiveCfg = Release|Any CPU
		{43EF64D1-D8F9-4B71-9D95-4D5A2138398B}.AppStore|x86.Build.0 = Release|Any CPU
		{43EF64D1-D8F9-4B71-9D95-4D5A2138398B}.AppStore|x86.Deploy.0 = Release|Any CPU
		{43EF64D1-D8F9-4B71-9D95-4D5A2138398B}.Debug|Any CPU.ActiveCfg = Debug|Any CPU
		{43EF64D1-D8F9-4B71-9D95-4D5A2138398B}.Debug|Any CPU.Build.0 = Debug|Any CPU
		{43EF64D1-D8F9-4B71-9D95-4D5A2138398B}.Debug|Any CPU.Deploy.0 = Debug|Any CPU
		{43EF64D1-D8F9-4B71-9D95-4D5A2138398B}.Debug|ARM.ActiveCfg = Debug|Any CPU
		{43EF64D1-D8F9-4B71-9D95-4D5A2138398B}.Debug|ARM.Build.0 = Debug|Any CPU
		{43EF64D1-D8F9-4B71-9D95-4D5A2138398B}.Debug|ARM.Deploy.0 = Debug|Any CPU
		{43EF64D1-D8F9-4B71-9D95-4D5A2138398B}.Debug|iPhone.ActiveCfg = Debug|Any CPU
		{43EF64D1-D8F9-4B71-9D95-4D5A2138398B}.Debug|iPhone.Build.0 = Debug|Any CPU
		{43EF64D1-D8F9-4B71-9D95-4D5A2138398B}.Debug|iPhone.Deploy.0 = Debug|Any CPU
		{43EF64D1-D8F9-4B71-9D95-4D5A2138398B}.Debug|iPhoneSimulator.ActiveCfg = Debug|Any CPU
		{43EF64D1-D8F9-4B71-9D95-4D5A2138398B}.Debug|iPhoneSimulator.Build.0 = Debug|Any CPU
		{43EF64D1-D8F9-4B71-9D95-4D5A2138398B}.Debug|iPhoneSimulator.Deploy.0 = Debug|Any CPU
		{43EF64D1-D8F9-4B71-9D95-4D5A2138398B}.Debug|x64.ActiveCfg = Debug|Any CPU
		{43EF64D1-D8F9-4B71-9D95-4D5A2138398B}.Debug|x64.Build.0 = Debug|Any CPU
		{43EF64D1-D8F9-4B71-9D95-4D5A2138398B}.Debug|x64.Deploy.0 = Debug|Any CPU
		{43EF64D1-D8F9-4B71-9D95-4D5A2138398B}.Debug|x86.ActiveCfg = Debug|Any CPU
		{43EF64D1-D8F9-4B71-9D95-4D5A2138398B}.Debug|x86.Build.0 = Debug|Any CPU
		{43EF64D1-D8F9-4B71-9D95-4D5A2138398B}.Debug|x86.Deploy.0 = Debug|Any CPU
		{43EF64D1-D8F9-4B71-9D95-4D5A2138398B}.Release|Any CPU.ActiveCfg = Release|Any CPU
		{43EF64D1-D8F9-4B71-9D95-4D5A2138398B}.Release|Any CPU.Build.0 = Release|Any CPU
		{43EF64D1-D8F9-4B71-9D95-4D5A2138398B}.Release|Any CPU.Deploy.0 = Release|Any CPU
		{43EF64D1-D8F9-4B71-9D95-4D5A2138398B}.Release|ARM.ActiveCfg = Release|Any CPU
		{43EF64D1-D8F9-4B71-9D95-4D5A2138398B}.Release|ARM.Build.0 = Release|Any CPU
		{43EF64D1-D8F9-4B71-9D95-4D5A2138398B}.Release|ARM.Deploy.0 = Release|Any CPU
		{43EF64D1-D8F9-4B71-9D95-4D5A2138398B}.Release|iPhone.ActiveCfg = Release|Any CPU
		{43EF64D1-D8F9-4B71-9D95-4D5A2138398B}.Release|iPhone.Build.0 = Release|Any CPU
		{43EF64D1-D8F9-4B71-9D95-4D5A2138398B}.Release|iPhone.Deploy.0 = Release|Any CPU
		{43EF64D1-D8F9-4B71-9D95-4D5A2138398B}.Release|iPhoneSimulator.ActiveCfg = Release|Any CPU
		{43EF64D1-D8F9-4B71-9D95-4D5A2138398B}.Release|iPhoneSimulator.Build.0 = Release|Any CPU
		{43EF64D1-D8F9-4B71-9D95-4D5A2138398B}.Release|iPhoneSimulator.Deploy.0 = Release|Any CPU
		{43EF64D1-D8F9-4B71-9D95-4D5A2138398B}.Release|x64.ActiveCfg = Release|Any CPU
		{43EF64D1-D8F9-4B71-9D95-4D5A2138398B}.Release|x64.Build.0 = Release|Any CPU
		{43EF64D1-D8F9-4B71-9D95-4D5A2138398B}.Release|x64.Deploy.0 = Release|Any CPU
		{43EF64D1-D8F9-4B71-9D95-4D5A2138398B}.Release|x86.ActiveCfg = Release|Any CPU
		{43EF64D1-D8F9-4B71-9D95-4D5A2138398B}.Release|x86.Build.0 = Release|Any CPU
		{43EF64D1-D8F9-4B71-9D95-4D5A2138398B}.Release|x86.Deploy.0 = Release|Any CPU
		{0B58E566-509E-4924-84F5-2D925C612DA9}.Ad-Hoc|Any CPU.ActiveCfg = Ad-Hoc|iPhone
		{0B58E566-509E-4924-84F5-2D925C612DA9}.Ad-Hoc|ARM.ActiveCfg = Ad-Hoc|iPhone
		{0B58E566-509E-4924-84F5-2D925C612DA9}.Ad-Hoc|iPhone.ActiveCfg = Ad-Hoc|iPhone
		{0B58E566-509E-4924-84F5-2D925C612DA9}.Ad-Hoc|iPhone.Build.0 = Ad-Hoc|iPhone
		{0B58E566-509E-4924-84F5-2D925C612DA9}.Ad-Hoc|iPhoneSimulator.ActiveCfg = Ad-Hoc|iPhoneSimulator
		{0B58E566-509E-4924-84F5-2D925C612DA9}.Ad-Hoc|iPhoneSimulator.Build.0 = Ad-Hoc|iPhoneSimulator
		{0B58E566-509E-4924-84F5-2D925C612DA9}.Ad-Hoc|x64.ActiveCfg = Ad-Hoc|iPhone
		{0B58E566-509E-4924-84F5-2D925C612DA9}.Ad-Hoc|x86.ActiveCfg = Ad-Hoc|iPhone
		{0B58E566-509E-4924-84F5-2D925C612DA9}.AppStore|Any CPU.ActiveCfg = AppStore|iPhone
		{0B58E566-509E-4924-84F5-2D925C612DA9}.AppStore|ARM.ActiveCfg = AppStore|iPhone
		{0B58E566-509E-4924-84F5-2D925C612DA9}.AppStore|iPhone.ActiveCfg = AppStore|iPhone
		{0B58E566-509E-4924-84F5-2D925C612DA9}.AppStore|iPhone.Build.0 = AppStore|iPhone
		{0B58E566-509E-4924-84F5-2D925C612DA9}.AppStore|iPhoneSimulator.ActiveCfg = AppStore|iPhoneSimulator
		{0B58E566-509E-4924-84F5-2D925C612DA9}.AppStore|iPhoneSimulator.Build.0 = AppStore|iPhoneSimulator
		{0B58E566-509E-4924-84F5-2D925C612DA9}.AppStore|x64.ActiveCfg = AppStore|iPhone
		{0B58E566-509E-4924-84F5-2D925C612DA9}.AppStore|x86.ActiveCfg = AppStore|iPhone
		{0B58E566-509E-4924-84F5-2D925C612DA9}.Debug|Any CPU.ActiveCfg = Debug|iPhone
		{0B58E566-509E-4924-84F5-2D925C612DA9}.Debug|ARM.ActiveCfg = Debug|iPhone
		{0B58E566-509E-4924-84F5-2D925C612DA9}.Debug|iPhone.ActiveCfg = Debug|iPhone
		{0B58E566-509E-4924-84F5-2D925C612DA9}.Debug|iPhone.Build.0 = Debug|iPhone
		{0B58E566-509E-4924-84F5-2D925C612DA9}.Debug|iPhoneSimulator.ActiveCfg = Debug|iPhoneSimulator
		{0B58E566-509E-4924-84F5-2D925C612DA9}.Debug|iPhoneSimulator.Build.0 = Debug|iPhoneSimulator
		{0B58E566-509E-4924-84F5-2D925C612DA9}.Debug|x64.ActiveCfg = Debug|iPhone
		{0B58E566-509E-4924-84F5-2D925C612DA9}.Debug|x86.ActiveCfg = Debug|iPhone
		{0B58E566-509E-4924-84F5-2D925C612DA9}.Release|Any CPU.ActiveCfg = Release|iPhone
		{0B58E566-509E-4924-84F5-2D925C612DA9}.Release|ARM.ActiveCfg = Release|iPhone
		{0B58E566-509E-4924-84F5-2D925C612DA9}.Release|iPhone.ActiveCfg = Release|iPhone
		{0B58E566-509E-4924-84F5-2D925C612DA9}.Release|iPhone.Build.0 = Release|iPhone
		{0B58E566-509E-4924-84F5-2D925C612DA9}.Release|iPhoneSimulator.ActiveCfg = Release|iPhoneSimulator
		{0B58E566-509E-4924-84F5-2D925C612DA9}.Release|iPhoneSimulator.Build.0 = Release|iPhoneSimulator
		{0B58E566-509E-4924-84F5-2D925C612DA9}.Release|x64.ActiveCfg = Release|iPhone
		{0B58E566-509E-4924-84F5-2D925C612DA9}.Release|x86.ActiveCfg = Release|iPhone
		{22AE4636-29D9-4198-8DFB-3F8AB945531E}.Ad-Hoc|Any CPU.ActiveCfg = Release|Any CPU
		{22AE4636-29D9-4198-8DFB-3F8AB945531E}.Ad-Hoc|Any CPU.Build.0 = Release|Any CPU
		{22AE4636-29D9-4198-8DFB-3F8AB945531E}.Ad-Hoc|Any CPU.Deploy.0 = Release|Any CPU
		{22AE4636-29D9-4198-8DFB-3F8AB945531E}.Ad-Hoc|ARM.ActiveCfg = Release|ARM
		{22AE4636-29D9-4198-8DFB-3F8AB945531E}.Ad-Hoc|ARM.Build.0 = Release|ARM
		{22AE4636-29D9-4198-8DFB-3F8AB945531E}.Ad-Hoc|ARM.Deploy.0 = Release|ARM
		{22AE4636-29D9-4198-8DFB-3F8AB945531E}.Ad-Hoc|iPhone.ActiveCfg = Release|Any CPU
		{22AE4636-29D9-4198-8DFB-3F8AB945531E}.Ad-Hoc|iPhone.Build.0 = Release|Any CPU
		{22AE4636-29D9-4198-8DFB-3F8AB945531E}.Ad-Hoc|iPhone.Deploy.0 = Release|Any CPU
		{22AE4636-29D9-4198-8DFB-3F8AB945531E}.Ad-Hoc|iPhoneSimulator.ActiveCfg = Release|Any CPU
		{22AE4636-29D9-4198-8DFB-3F8AB945531E}.Ad-Hoc|iPhoneSimulator.Build.0 = Release|Any CPU
		{22AE4636-29D9-4198-8DFB-3F8AB945531E}.Ad-Hoc|iPhoneSimulator.Deploy.0 = Release|Any CPU
		{22AE4636-29D9-4198-8DFB-3F8AB945531E}.Ad-Hoc|x64.ActiveCfg = Release|Any CPU
		{22AE4636-29D9-4198-8DFB-3F8AB945531E}.Ad-Hoc|x64.Build.0 = Release|Any CPU
		{22AE4636-29D9-4198-8DFB-3F8AB945531E}.Ad-Hoc|x64.Deploy.0 = Release|Any CPU
		{22AE4636-29D9-4198-8DFB-3F8AB945531E}.Ad-Hoc|x86.ActiveCfg = Release|x86
		{22AE4636-29D9-4198-8DFB-3F8AB945531E}.Ad-Hoc|x86.Build.0 = Release|x86
		{22AE4636-29D9-4198-8DFB-3F8AB945531E}.Ad-Hoc|x86.Deploy.0 = Release|x86
		{22AE4636-29D9-4198-8DFB-3F8AB945531E}.AppStore|Any CPU.ActiveCfg = Release|Any CPU
		{22AE4636-29D9-4198-8DFB-3F8AB945531E}.AppStore|Any CPU.Build.0 = Release|Any CPU
		{22AE4636-29D9-4198-8DFB-3F8AB945531E}.AppStore|Any CPU.Deploy.0 = Release|Any CPU
		{22AE4636-29D9-4198-8DFB-3F8AB945531E}.AppStore|ARM.ActiveCfg = Release|ARM
		{22AE4636-29D9-4198-8DFB-3F8AB945531E}.AppStore|ARM.Build.0 = Release|ARM
		{22AE4636-29D9-4198-8DFB-3F8AB945531E}.AppStore|ARM.Deploy.0 = Release|ARM
		{22AE4636-29D9-4198-8DFB-3F8AB945531E}.AppStore|iPhone.ActiveCfg = Release|Any CPU
		{22AE4636-29D9-4198-8DFB-3F8AB945531E}.AppStore|iPhone.Build.0 = Release|Any CPU
		{22AE4636-29D9-4198-8DFB-3F8AB945531E}.AppStore|iPhone.Deploy.0 = Release|Any CPU
		{22AE4636-29D9-4198-8DFB-3F8AB945531E}.AppStore|iPhoneSimulator.ActiveCfg = Release|Any CPU
		{22AE4636-29D9-4198-8DFB-3F8AB945531E}.AppStore|iPhoneSimulator.Build.0 = Release|Any CPU
		{22AE4636-29D9-4198-8DFB-3F8AB945531E}.AppStore|iPhoneSimulator.Deploy.0 = Release|Any CPU
		{22AE4636-29D9-4198-8DFB-3F8AB945531E}.AppStore|x64.ActiveCfg = Release|Any CPU
		{22AE4636-29D9-4198-8DFB-3F8AB945531E}.AppStore|x64.Build.0 = Release|Any CPU
		{22AE4636-29D9-4198-8DFB-3F8AB945531E}.AppStore|x64.Deploy.0 = Release|Any CPU
		{22AE4636-29D9-4198-8DFB-3F8AB945531E}.AppStore|x86.ActiveCfg = Release|x86
		{22AE4636-29D9-4198-8DFB-3F8AB945531E}.AppStore|x86.Build.0 = Release|x86
		{22AE4636-29D9-4198-8DFB-3F8AB945531E}.AppStore|x86.Deploy.0 = Release|x86
		{22AE4636-29D9-4198-8DFB-3F8AB945531E}.Debug|Any CPU.ActiveCfg = Debug|Any CPU
		{22AE4636-29D9-4198-8DFB-3F8AB945531E}.Debug|Any CPU.Build.0 = Debug|Any CPU
		{22AE4636-29D9-4198-8DFB-3F8AB945531E}.Debug|Any CPU.Deploy.0 = Debug|Any CPU
		{22AE4636-29D9-4198-8DFB-3F8AB945531E}.Debug|ARM.ActiveCfg = Debug|ARM
		{22AE4636-29D9-4198-8DFB-3F8AB945531E}.Debug|ARM.Build.0 = Debug|ARM
		{22AE4636-29D9-4198-8DFB-3F8AB945531E}.Debug|ARM.Deploy.0 = Debug|ARM
		{22AE4636-29D9-4198-8DFB-3F8AB945531E}.Debug|iPhone.ActiveCfg = Debug|Any CPU
		{22AE4636-29D9-4198-8DFB-3F8AB945531E}.Debug|iPhone.Build.0 = Debug|Any CPU
		{22AE4636-29D9-4198-8DFB-3F8AB945531E}.Debug|iPhone.Deploy.0 = Debug|Any CPU
		{22AE4636-29D9-4198-8DFB-3F8AB945531E}.Debug|iPhoneSimulator.ActiveCfg = Debug|Any CPU
		{22AE4636-29D9-4198-8DFB-3F8AB945531E}.Debug|iPhoneSimulator.Build.0 = Debug|Any CPU
		{22AE4636-29D9-4198-8DFB-3F8AB945531E}.Debug|iPhoneSimulator.Deploy.0 = Debug|Any CPU
		{22AE4636-29D9-4198-8DFB-3F8AB945531E}.Debug|x64.ActiveCfg = Debug|Any CPU
		{22AE4636-29D9-4198-8DFB-3F8AB945531E}.Debug|x64.Build.0 = Debug|Any CPU
		{22AE4636-29D9-4198-8DFB-3F8AB945531E}.Debug|x64.Deploy.0 = Debug|Any CPU
		{22AE4636-29D9-4198-8DFB-3F8AB945531E}.Debug|x86.ActiveCfg = Debug|x86
		{22AE4636-29D9-4198-8DFB-3F8AB945531E}.Debug|x86.Build.0 = Debug|x86
		{22AE4636-29D9-4198-8DFB-3F8AB945531E}.Debug|x86.Deploy.0 = Debug|x86
		{22AE4636-29D9-4198-8DFB-3F8AB945531E}.Release|Any CPU.ActiveCfg = Release|Any CPU
		{22AE4636-29D9-4198-8DFB-3F8AB945531E}.Release|Any CPU.Build.0 = Release|Any CPU
		{22AE4636-29D9-4198-8DFB-3F8AB945531E}.Release|Any CPU.Deploy.0 = Release|Any CPU
		{22AE4636-29D9-4198-8DFB-3F8AB945531E}.Release|ARM.ActiveCfg = Release|ARM
		{22AE4636-29D9-4198-8DFB-3F8AB945531E}.Release|ARM.Build.0 = Release|ARM
		{22AE4636-29D9-4198-8DFB-3F8AB945531E}.Release|ARM.Deploy.0 = Release|ARM
		{22AE4636-29D9-4198-8DFB-3F8AB945531E}.Release|iPhone.ActiveCfg = Release|Any CPU
		{22AE4636-29D9-4198-8DFB-3F8AB945531E}.Release|iPhone.Build.0 = Release|Any CPU
		{22AE4636-29D9-4198-8DFB-3F8AB945531E}.Release|iPhone.Deploy.0 = Release|Any CPU
		{22AE4636-29D9-4198-8DFB-3F8AB945531E}.Release|iPhoneSimulator.ActiveCfg = Release|Any CPU
		{22AE4636-29D9-4198-8DFB-3F8AB945531E}.Release|iPhoneSimulator.Build.0 = Release|Any CPU
		{22AE4636-29D9-4198-8DFB-3F8AB945531E}.Release|iPhoneSimulator.Deploy.0 = Release|Any CPU
		{22AE4636-29D9-4198-8DFB-3F8AB945531E}.Release|x64.ActiveCfg = Release|Any CPU
		{22AE4636-29D9-4198-8DFB-3F8AB945531E}.Release|x64.Build.0 = Release|Any CPU
		{22AE4636-29D9-4198-8DFB-3F8AB945531E}.Release|x64.Deploy.0 = Release|Any CPU
		{22AE4636-29D9-4198-8DFB-3F8AB945531E}.Release|x86.ActiveCfg = Release|x86
		{22AE4636-29D9-4198-8DFB-3F8AB945531E}.Release|x86.Build.0 = Release|x86
		{22AE4636-29D9-4198-8DFB-3F8AB945531E}.Release|x86.Deploy.0 = Release|x86
		{4D3A7690-A2A5-40AB-BB40-FB7460EDF9EB}.Ad-Hoc|Any CPU.ActiveCfg = Release|x86
		{4D3A7690-A2A5-40AB-BB40-FB7460EDF9EB}.Ad-Hoc|Any CPU.Build.0 = Release|x86
		{4D3A7690-A2A5-40AB-BB40-FB7460EDF9EB}.Ad-Hoc|Any CPU.Deploy.0 = Release|x86
		{4D3A7690-A2A5-40AB-BB40-FB7460EDF9EB}.Ad-Hoc|ARM.ActiveCfg = Release|ARM
		{4D3A7690-A2A5-40AB-BB40-FB7460EDF9EB}.Ad-Hoc|ARM.Build.0 = Release|ARM
		{4D3A7690-A2A5-40AB-BB40-FB7460EDF9EB}.Ad-Hoc|ARM.Deploy.0 = Release|ARM
		{4D3A7690-A2A5-40AB-BB40-FB7460EDF9EB}.Ad-Hoc|iPhone.ActiveCfg = Release|x86
		{4D3A7690-A2A5-40AB-BB40-FB7460EDF9EB}.Ad-Hoc|iPhone.Build.0 = Release|x86
		{4D3A7690-A2A5-40AB-BB40-FB7460EDF9EB}.Ad-Hoc|iPhone.Deploy.0 = Release|x86
		{4D3A7690-A2A5-40AB-BB40-FB7460EDF9EB}.Ad-Hoc|iPhoneSimulator.ActiveCfg = Release|x86
		{4D3A7690-A2A5-40AB-BB40-FB7460EDF9EB}.Ad-Hoc|iPhoneSimulator.Build.0 = Release|x86
		{4D3A7690-A2A5-40AB-BB40-FB7460EDF9EB}.Ad-Hoc|iPhoneSimulator.Deploy.0 = Release|x86
		{4D3A7690-A2A5-40AB-BB40-FB7460EDF9EB}.Ad-Hoc|x64.ActiveCfg = Release|x64
		{4D3A7690-A2A5-40AB-BB40-FB7460EDF9EB}.Ad-Hoc|x64.Build.0 = Release|x64
		{4D3A7690-A2A5-40AB-BB40-FB7460EDF9EB}.Ad-Hoc|x64.Deploy.0 = Release|x64
		{4D3A7690-A2A5-40AB-BB40-FB7460EDF9EB}.Ad-Hoc|x86.ActiveCfg = Release|x86
		{4D3A7690-A2A5-40AB-BB40-FB7460EDF9EB}.Ad-Hoc|x86.Build.0 = Release|x86
		{4D3A7690-A2A5-40AB-BB40-FB7460EDF9EB}.Ad-Hoc|x86.Deploy.0 = Release|x86
		{4D3A7690-A2A5-40AB-BB40-FB7460EDF9EB}.AppStore|Any CPU.ActiveCfg = Release|x86
		{4D3A7690-A2A5-40AB-BB40-FB7460EDF9EB}.AppStore|Any CPU.Build.0 = Release|x86
		{4D3A7690-A2A5-40AB-BB40-FB7460EDF9EB}.AppStore|Any CPU.Deploy.0 = Release|x86
		{4D3A7690-A2A5-40AB-BB40-FB7460EDF9EB}.AppStore|ARM.ActiveCfg = Release|ARM
		{4D3A7690-A2A5-40AB-BB40-FB7460EDF9EB}.AppStore|ARM.Build.0 = Release|ARM
		{4D3A7690-A2A5-40AB-BB40-FB7460EDF9EB}.AppStore|ARM.Deploy.0 = Release|ARM
		{4D3A7690-A2A5-40AB-BB40-FB7460EDF9EB}.AppStore|iPhone.ActiveCfg = Release|x86
		{4D3A7690-A2A5-40AB-BB40-FB7460EDF9EB}.AppStore|iPhone.Build.0 = Release|x86
		{4D3A7690-A2A5-40AB-BB40-FB7460EDF9EB}.AppStore|iPhone.Deploy.0 = Release|x86
		{4D3A7690-A2A5-40AB-BB40-FB7460EDF9EB}.AppStore|iPhoneSimulator.ActiveCfg = Release|x86
		{4D3A7690-A2A5-40AB-BB40-FB7460EDF9EB}.AppStore|iPhoneSimulator.Build.0 = Release|x86
		{4D3A7690-A2A5-40AB-BB40-FB7460EDF9EB}.AppStore|iPhoneSimulator.Deploy.0 = Release|x86
		{4D3A7690-A2A5-40AB-BB40-FB7460EDF9EB}.AppStore|x64.ActiveCfg = Release|x64
		{4D3A7690-A2A5-40AB-BB40-FB7460EDF9EB}.AppStore|x64.Build.0 = Release|x64
		{4D3A7690-A2A5-40AB-BB40-FB7460EDF9EB}.AppStore|x64.Deploy.0 = Release|x64
		{4D3A7690-A2A5-40AB-BB40-FB7460EDF9EB}.AppStore|x86.ActiveCfg = Release|x86
		{4D3A7690-A2A5-40AB-BB40-FB7460EDF9EB}.AppStore|x86.Build.0 = Release|x86
		{4D3A7690-A2A5-40AB-BB40-FB7460EDF9EB}.AppStore|x86.Deploy.0 = Release|x86
		{4D3A7690-A2A5-40AB-BB40-FB7460EDF9EB}.Debug|Any CPU.ActiveCfg = Debug|x86
		{4D3A7690-A2A5-40AB-BB40-FB7460EDF9EB}.Debug|ARM.ActiveCfg = Debug|ARM
		{4D3A7690-A2A5-40AB-BB40-FB7460EDF9EB}.Debug|ARM.Build.0 = Debug|ARM
		{4D3A7690-A2A5-40AB-BB40-FB7460EDF9EB}.Debug|ARM.Deploy.0 = Debug|ARM
		{4D3A7690-A2A5-40AB-BB40-FB7460EDF9EB}.Debug|iPhone.ActiveCfg = Debug|x86
		{4D3A7690-A2A5-40AB-BB40-FB7460EDF9EB}.Debug|iPhoneSimulator.ActiveCfg = Debug|x86
		{4D3A7690-A2A5-40AB-BB40-FB7460EDF9EB}.Debug|x64.ActiveCfg = Debug|x64
		{4D3A7690-A2A5-40AB-BB40-FB7460EDF9EB}.Debug|x64.Build.0 = Debug|x64
		{4D3A7690-A2A5-40AB-BB40-FB7460EDF9EB}.Debug|x64.Deploy.0 = Debug|x64
		{4D3A7690-A2A5-40AB-BB40-FB7460EDF9EB}.Debug|x86.ActiveCfg = Debug|x86
		{4D3A7690-A2A5-40AB-BB40-FB7460EDF9EB}.Debug|x86.Build.0 = Debug|x86
		{4D3A7690-A2A5-40AB-BB40-FB7460EDF9EB}.Debug|x86.Deploy.0 = Debug|x86
		{4D3A7690-A2A5-40AB-BB40-FB7460EDF9EB}.Release|Any CPU.ActiveCfg = Release|x86
		{4D3A7690-A2A5-40AB-BB40-FB7460EDF9EB}.Release|ARM.ActiveCfg = Release|ARM
		{4D3A7690-A2A5-40AB-BB40-FB7460EDF9EB}.Release|ARM.Build.0 = Release|ARM
		{4D3A7690-A2A5-40AB-BB40-FB7460EDF9EB}.Release|ARM.Deploy.0 = Release|ARM
		{4D3A7690-A2A5-40AB-BB40-FB7460EDF9EB}.Release|iPhone.ActiveCfg = Release|x86
		{4D3A7690-A2A5-40AB-BB40-FB7460EDF9EB}.Release|iPhoneSimulator.ActiveCfg = Release|x86
		{4D3A7690-A2A5-40AB-BB40-FB7460EDF9EB}.Release|x64.ActiveCfg = Release|x64
		{4D3A7690-A2A5-40AB-BB40-FB7460EDF9EB}.Release|x64.Build.0 = Release|x64
		{4D3A7690-A2A5-40AB-BB40-FB7460EDF9EB}.Release|x64.Deploy.0 = Release|x64
		{4D3A7690-A2A5-40AB-BB40-FB7460EDF9EB}.Release|x86.ActiveCfg = Release|x86
		{4D3A7690-A2A5-40AB-BB40-FB7460EDF9EB}.Release|x86.Build.0 = Release|x86
		{4D3A7690-A2A5-40AB-BB40-FB7460EDF9EB}.Release|x86.Deploy.0 = Release|x86
		{E9EB82C9-E192-4B76-ADE0-578F8CA247C4}.Ad-Hoc|Any CPU.ActiveCfg = Release|Any CPU
		{E9EB82C9-E192-4B76-ADE0-578F8CA247C4}.Ad-Hoc|Any CPU.Build.0 = Release|Any CPU
		{E9EB82C9-E192-4B76-ADE0-578F8CA247C4}.Ad-Hoc|Any CPU.Deploy.0 = Release|Any CPU
		{E9EB82C9-E192-4B76-ADE0-578F8CA247C4}.Ad-Hoc|ARM.ActiveCfg = Release|ARM
		{E9EB82C9-E192-4B76-ADE0-578F8CA247C4}.Ad-Hoc|ARM.Build.0 = Release|ARM
		{E9EB82C9-E192-4B76-ADE0-578F8CA247C4}.Ad-Hoc|ARM.Deploy.0 = Release|ARM
		{E9EB82C9-E192-4B76-ADE0-578F8CA247C4}.Ad-Hoc|iPhone.ActiveCfg = Release|Any CPU
		{E9EB82C9-E192-4B76-ADE0-578F8CA247C4}.Ad-Hoc|iPhone.Build.0 = Release|Any CPU
		{E9EB82C9-E192-4B76-ADE0-578F8CA247C4}.Ad-Hoc|iPhone.Deploy.0 = Release|Any CPU
		{E9EB82C9-E192-4B76-ADE0-578F8CA247C4}.Ad-Hoc|iPhoneSimulator.ActiveCfg = Release|Any CPU
		{E9EB82C9-E192-4B76-ADE0-578F8CA247C4}.Ad-Hoc|iPhoneSimulator.Build.0 = Release|Any CPU
		{E9EB82C9-E192-4B76-ADE0-578F8CA247C4}.Ad-Hoc|iPhoneSimulator.Deploy.0 = Release|Any CPU
		{E9EB82C9-E192-4B76-ADE0-578F8CA247C4}.Ad-Hoc|x64.ActiveCfg = Release|x64
		{E9EB82C9-E192-4B76-ADE0-578F8CA247C4}.Ad-Hoc|x64.Build.0 = Release|x64
		{E9EB82C9-E192-4B76-ADE0-578F8CA247C4}.Ad-Hoc|x64.Deploy.0 = Release|x64
		{E9EB82C9-E192-4B76-ADE0-578F8CA247C4}.Ad-Hoc|x86.ActiveCfg = Release|x86
		{E9EB82C9-E192-4B76-ADE0-578F8CA247C4}.Ad-Hoc|x86.Build.0 = Release|x86
		{E9EB82C9-E192-4B76-ADE0-578F8CA247C4}.Ad-Hoc|x86.Deploy.0 = Release|x86
		{E9EB82C9-E192-4B76-ADE0-578F8CA247C4}.AppStore|Any CPU.ActiveCfg = Release|Any CPU
		{E9EB82C9-E192-4B76-ADE0-578F8CA247C4}.AppStore|Any CPU.Build.0 = Release|Any CPU
		{E9EB82C9-E192-4B76-ADE0-578F8CA247C4}.AppStore|Any CPU.Deploy.0 = Release|Any CPU
		{E9EB82C9-E192-4B76-ADE0-578F8CA247C4}.AppStore|ARM.ActiveCfg = Release|ARM
		{E9EB82C9-E192-4B76-ADE0-578F8CA247C4}.AppStore|ARM.Build.0 = Release|ARM
		{E9EB82C9-E192-4B76-ADE0-578F8CA247C4}.AppStore|ARM.Deploy.0 = Release|ARM
		{E9EB82C9-E192-4B76-ADE0-578F8CA247C4}.AppStore|iPhone.ActiveCfg = Release|Any CPU
		{E9EB82C9-E192-4B76-ADE0-578F8CA247C4}.AppStore|iPhone.Build.0 = Release|Any CPU
		{E9EB82C9-E192-4B76-ADE0-578F8CA247C4}.AppStore|iPhone.Deploy.0 = Release|Any CPU
		{E9EB82C9-E192-4B76-ADE0-578F8CA247C4}.AppStore|iPhoneSimulator.ActiveCfg = Release|Any CPU
		{E9EB82C9-E192-4B76-ADE0-578F8CA247C4}.AppStore|iPhoneSimulator.Build.0 = Release|Any CPU
		{E9EB82C9-E192-4B76-ADE0-578F8CA247C4}.AppStore|iPhoneSimulator.Deploy.0 = Release|Any CPU
		{E9EB82C9-E192-4B76-ADE0-578F8CA247C4}.AppStore|x64.ActiveCfg = Release|x64
		{E9EB82C9-E192-4B76-ADE0-578F8CA247C4}.AppStore|x64.Build.0 = Release|x64
		{E9EB82C9-E192-4B76-ADE0-578F8CA247C4}.AppStore|x64.Deploy.0 = Release|x64
		{E9EB82C9-E192-4B76-ADE0-578F8CA247C4}.AppStore|x86.ActiveCfg = Release|x86
		{E9EB82C9-E192-4B76-ADE0-578F8CA247C4}.AppStore|x86.Build.0 = Release|x86
		{E9EB82C9-E192-4B76-ADE0-578F8CA247C4}.AppStore|x86.Deploy.0 = Release|x86
		{E9EB82C9-E192-4B76-ADE0-578F8CA247C4}.Debug|Any CPU.ActiveCfg = Debug|Any CPU
		{E9EB82C9-E192-4B76-ADE0-578F8CA247C4}.Debug|Any CPU.Build.0 = Debug|Any CPU
		{E9EB82C9-E192-4B76-ADE0-578F8CA247C4}.Debug|Any CPU.Deploy.0 = Debug|Any CPU
		{E9EB82C9-E192-4B76-ADE0-578F8CA247C4}.Debug|ARM.ActiveCfg = Debug|ARM
		{E9EB82C9-E192-4B76-ADE0-578F8CA247C4}.Debug|ARM.Build.0 = Debug|ARM
		{E9EB82C9-E192-4B76-ADE0-578F8CA247C4}.Debug|ARM.Deploy.0 = Debug|ARM
		{E9EB82C9-E192-4B76-ADE0-578F8CA247C4}.Debug|iPhone.ActiveCfg = Debug|Any CPU
		{E9EB82C9-E192-4B76-ADE0-578F8CA247C4}.Debug|iPhone.Build.0 = Debug|Any CPU
		{E9EB82C9-E192-4B76-ADE0-578F8CA247C4}.Debug|iPhone.Deploy.0 = Debug|Any CPU
		{E9EB82C9-E192-4B76-ADE0-578F8CA247C4}.Debug|iPhoneSimulator.ActiveCfg = Debug|Any CPU
		{E9EB82C9-E192-4B76-ADE0-578F8CA247C4}.Debug|iPhoneSimulator.Build.0 = Debug|Any CPU
		{E9EB82C9-E192-4B76-ADE0-578F8CA247C4}.Debug|iPhoneSimulator.Deploy.0 = Debug|Any CPU
		{E9EB82C9-E192-4B76-ADE0-578F8CA247C4}.Debug|x64.ActiveCfg = Debug|x64
		{E9EB82C9-E192-4B76-ADE0-578F8CA247C4}.Debug|x64.Build.0 = Debug|x64
		{E9EB82C9-E192-4B76-ADE0-578F8CA247C4}.Debug|x64.Deploy.0 = Debug|x64
		{E9EB82C9-E192-4B76-ADE0-578F8CA247C4}.Debug|x86.ActiveCfg = Debug|x86
		{E9EB82C9-E192-4B76-ADE0-578F8CA247C4}.Debug|x86.Build.0 = Debug|x86
		{E9EB82C9-E192-4B76-ADE0-578F8CA247C4}.Debug|x86.Deploy.0 = Debug|x86
		{E9EB82C9-E192-4B76-ADE0-578F8CA247C4}.Release|Any CPU.ActiveCfg = Release|Any CPU
		{E9EB82C9-E192-4B76-ADE0-578F8CA247C4}.Release|Any CPU.Build.0 = Release|Any CPU
		{E9EB82C9-E192-4B76-ADE0-578F8CA247C4}.Release|Any CPU.Deploy.0 = Release|Any CPU
		{E9EB82C9-E192-4B76-ADE0-578F8CA247C4}.Release|ARM.ActiveCfg = Release|ARM
		{E9EB82C9-E192-4B76-ADE0-578F8CA247C4}.Release|ARM.Build.0 = Release|ARM
		{E9EB82C9-E192-4B76-ADE0-578F8CA247C4}.Release|ARM.Deploy.0 = Release|ARM
		{E9EB82C9-E192-4B76-ADE0-578F8CA247C4}.Release|iPhone.ActiveCfg = Release|Any CPU
		{E9EB82C9-E192-4B76-ADE0-578F8CA247C4}.Release|iPhone.Build.0 = Release|Any CPU
		{E9EB82C9-E192-4B76-ADE0-578F8CA247C4}.Release|iPhone.Deploy.0 = Release|Any CPU
		{E9EB82C9-E192-4B76-ADE0-578F8CA247C4}.Release|iPhoneSimulator.ActiveCfg = Release|Any CPU
		{E9EB82C9-E192-4B76-ADE0-578F8CA247C4}.Release|iPhoneSimulator.Build.0 = Release|Any CPU
		{E9EB82C9-E192-4B76-ADE0-578F8CA247C4}.Release|iPhoneSimulator.Deploy.0 = Release|Any CPU
		{E9EB82C9-E192-4B76-ADE0-578F8CA247C4}.Release|x64.ActiveCfg = Release|x64
		{E9EB82C9-E192-4B76-ADE0-578F8CA247C4}.Release|x64.Build.0 = Release|x64
		{E9EB82C9-E192-4B76-ADE0-578F8CA247C4}.Release|x64.Deploy.0 = Release|x64
		{E9EB82C9-E192-4B76-ADE0-578F8CA247C4}.Release|x86.ActiveCfg = Release|x86
		{E9EB82C9-E192-4B76-ADE0-578F8CA247C4}.Release|x86.Build.0 = Release|x86
		{E9EB82C9-E192-4B76-ADE0-578F8CA247C4}.Release|x86.Deploy.0 = Release|x86
		{5E1B2395-616D-44B5-A31D-181E925FA3AC}.Ad-Hoc|Any CPU.ActiveCfg = Release|Any CPU
		{5E1B2395-616D-44B5-A31D-181E925FA3AC}.Ad-Hoc|Any CPU.Build.0 = Release|Any CPU
		{5E1B2395-616D-44B5-A31D-181E925FA3AC}.Ad-Hoc|ARM.ActiveCfg = Release|Any CPU
		{5E1B2395-616D-44B5-A31D-181E925FA3AC}.Ad-Hoc|ARM.Build.0 = Release|Any CPU
		{5E1B2395-616D-44B5-A31D-181E925FA3AC}.Ad-Hoc|iPhone.ActiveCfg = Release|Any CPU
		{5E1B2395-616D-44B5-A31D-181E925FA3AC}.Ad-Hoc|iPhone.Build.0 = Release|Any CPU
		{5E1B2395-616D-44B5-A31D-181E925FA3AC}.Ad-Hoc|iPhoneSimulator.ActiveCfg = Release|Any CPU
		{5E1B2395-616D-44B5-A31D-181E925FA3AC}.Ad-Hoc|iPhoneSimulator.Build.0 = Release|Any CPU
		{5E1B2395-616D-44B5-A31D-181E925FA3AC}.Ad-Hoc|x64.ActiveCfg = Release|Any CPU
		{5E1B2395-616D-44B5-A31D-181E925FA3AC}.Ad-Hoc|x64.Build.0 = Release|Any CPU
		{5E1B2395-616D-44B5-A31D-181E925FA3AC}.Ad-Hoc|x86.ActiveCfg = Release|Any CPU
		{5E1B2395-616D-44B5-A31D-181E925FA3AC}.Ad-Hoc|x86.Build.0 = Release|Any CPU
		{5E1B2395-616D-44B5-A31D-181E925FA3AC}.AppStore|Any CPU.ActiveCfg = Release|Any CPU
		{5E1B2395-616D-44B5-A31D-181E925FA3AC}.AppStore|Any CPU.Build.0 = Release|Any CPU
		{5E1B2395-616D-44B5-A31D-181E925FA3AC}.AppStore|ARM.ActiveCfg = Release|Any CPU
		{5E1B2395-616D-44B5-A31D-181E925FA3AC}.AppStore|ARM.Build.0 = Release|Any CPU
		{5E1B2395-616D-44B5-A31D-181E925FA3AC}.AppStore|iPhone.ActiveCfg = Release|Any CPU
		{5E1B2395-616D-44B5-A31D-181E925FA3AC}.AppStore|iPhone.Build.0 = Release|Any CPU
		{5E1B2395-616D-44B5-A31D-181E925FA3AC}.AppStore|iPhoneSimulator.ActiveCfg = Release|Any CPU
		{5E1B2395-616D-44B5-A31D-181E925FA3AC}.AppStore|iPhoneSimulator.Build.0 = Release|Any CPU
		{5E1B2395-616D-44B5-A31D-181E925FA3AC}.AppStore|x64.ActiveCfg = Release|Any CPU
		{5E1B2395-616D-44B5-A31D-181E925FA3AC}.AppStore|x64.Build.0 = Release|Any CPU
		{5E1B2395-616D-44B5-A31D-181E925FA3AC}.AppStore|x86.ActiveCfg = Release|Any CPU
		{5E1B2395-616D-44B5-A31D-181E925FA3AC}.AppStore|x86.Build.0 = Release|Any CPU
		{5E1B2395-616D-44B5-A31D-181E925FA3AC}.Debug|Any CPU.ActiveCfg = Debug|Any CPU
		{5E1B2395-616D-44B5-A31D-181E925FA3AC}.Debug|Any CPU.Build.0 = Debug|Any CPU
		{5E1B2395-616D-44B5-A31D-181E925FA3AC}.Debug|ARM.ActiveCfg = Debug|Any CPU
		{5E1B2395-616D-44B5-A31D-181E925FA3AC}.Debug|ARM.Build.0 = Debug|Any CPU
		{5E1B2395-616D-44B5-A31D-181E925FA3AC}.Debug|iPhone.ActiveCfg = Debug|Any CPU
		{5E1B2395-616D-44B5-A31D-181E925FA3AC}.Debug|iPhone.Build.0 = Debug|Any CPU
		{5E1B2395-616D-44B5-A31D-181E925FA3AC}.Debug|iPhoneSimulator.ActiveCfg = Debug|Any CPU
		{5E1B2395-616D-44B5-A31D-181E925FA3AC}.Debug|iPhoneSimulator.Build.0 = Debug|Any CPU
		{5E1B2395-616D-44B5-A31D-181E925FA3AC}.Debug|x64.ActiveCfg = Debug|Any CPU
		{5E1B2395-616D-44B5-A31D-181E925FA3AC}.Debug|x64.Build.0 = Debug|Any CPU
		{5E1B2395-616D-44B5-A31D-181E925FA3AC}.Debug|x86.ActiveCfg = Debug|Any CPU
		{5E1B2395-616D-44B5-A31D-181E925FA3AC}.Debug|x86.Build.0 = Debug|Any CPU
		{5E1B2395-616D-44B5-A31D-181E925FA3AC}.Release|Any CPU.ActiveCfg = Release|Any CPU
		{5E1B2395-616D-44B5-A31D-181E925FA3AC}.Release|Any CPU.Build.0 = Release|Any CPU
		{5E1B2395-616D-44B5-A31D-181E925FA3AC}.Release|ARM.ActiveCfg = Release|Any CPU
		{5E1B2395-616D-44B5-A31D-181E925FA3AC}.Release|ARM.Build.0 = Release|Any CPU
		{5E1B2395-616D-44B5-A31D-181E925FA3AC}.Release|iPhone.ActiveCfg = Release|Any CPU
		{5E1B2395-616D-44B5-A31D-181E925FA3AC}.Release|iPhone.Build.0 = Release|Any CPU
		{5E1B2395-616D-44B5-A31D-181E925FA3AC}.Release|iPhoneSimulator.ActiveCfg = Release|Any CPU
		{5E1B2395-616D-44B5-A31D-181E925FA3AC}.Release|iPhoneSimulator.Build.0 = Release|Any CPU
		{5E1B2395-616D-44B5-A31D-181E925FA3AC}.Release|x64.ActiveCfg = Release|Any CPU
		{5E1B2395-616D-44B5-A31D-181E925FA3AC}.Release|x64.Build.0 = Release|Any CPU
		{5E1B2395-616D-44B5-A31D-181E925FA3AC}.Release|x86.ActiveCfg = Release|Any CPU
		{5E1B2395-616D-44B5-A31D-181E925FA3AC}.Release|x86.Build.0 = Release|Any CPU
	EndGlobalSection
	GlobalSection(SolutionProperties) = preSolution
		HideSolutionNode = FALSE
	EndGlobalSection
EndGlobal
